
Microsoft Visual Studio Solution File, Format Version 12.00
# Visual Studio Version 17
VisualStudioVersion = 17.11.35327.3
MinimumVisualStudioVersion = 10.0.40219.1
Project("{9A19103F-16F7-4668-BE54-9A1E7A4F7556}") = "App10", "..\S10\S10.1\App10.csproj", "{F4AE2696-508E-4751-9F4B-36893AC075F6}"
EndProject
Project("{9A19103F-16F7-4668-BE54-9A1E7A4F7556}") = "App07", "..\S10\S10.2\App07.csproj", "{D7BA025A-4945-4CBA-80E3-A3F57B511AA1}"
EndProject
Project("{9A19103F-16F7-4668-BE54-9A1E7A4F7556}") = "App09", "..\S10\S10.3\App09.csproj", "{2FD8CBBE-BE6A-4BEC-A8A9-AEB6A2FFEED6}"
EndProject
Project("{9A19103F-16F7-4668-BE54-9A1E7A4F7556}") = "App06", "..\S10\S10.4\App06.csproj", "{BFCEC618-BF0B-4F56-9272-E328E9E6538C}"
EndProject
Project("{9A19103F-16F7-4668-BE54-9A1E7A4F7556}") = "App08", "App08\App08.csproj", "{2B32316D-482D-41FD-8816-54DF2DBA4582}"
EndProject
Project("{9A19103F-16F7-4668-BE54-9A1E7A4F7556}") = "App11", "..\S12\S12.1\App11.csproj", "{82618235-2159-4989-B8FC-B80591A804CD}"
EndProject
Project("{9A19103F-16F7-4668-BE54-9A1E7A4F7556}") = "App12", "..\S12\S12.2\App12.csproj", "{387E3D2E-1100-45C6-9385-F6A2B47E61C6}"
EndProject
Project("{9A19103F-16F7-4668-BE54-9A1E7A4F7556}") = "App13", "..\S13\S13.1\App13.csproj", "{80A4F9ED-D7BF-4E3D-BA3D-B660243C39AE}"
EndProject
Project("{9A19103F-16F7-4668-BE54-9A1E7A4F7556}") = "App14", "..\S13\S13.2\App14.csproj", "{BB7D20E6-C883-4814-809F-3A1BCD4550FC}"
EndProject
Project("{9A19103F-16F7-4668-BE54-9A1E7A4F7556}") = "ApplicationController", "..\S16\AplicationController\ApplicationController.csproj", "{D62B552A-2723-4249-95B4-4112E43F38C6}"
EndProject
Project("{9A19103F-16F7-4668-BE54-9A1E7A4F7556}") = "App01", "App01\App01.csproj", "{3B6D8FB7-355D-4561-971F-35FC50F06812}"
EndProject
Project("{9A19103F-16F7-4668-BE54-9A1E7A4F7556}") = "App02", "App02\App02.csproj", "{D939DC02-6148-4316-AAEC-A00F031574CA}"
EndProject
Project("{9A19103F-16F7-4668-BE54-9A1E7A4F7556}") = "App03", "App03\App03.csproj", "{B258E634-165A-4086-8036-7F303C8916C3}"
EndProject
Project("{9A19103F-16F7-4668-BE54-9A1E7A4F7556}") = "App04", "App04\App04.csproj", "{82C5B405-1841-4034-AA2A-38F11B4A1607}"
EndProject
Project("{9A19103F-16F7-4668-BE54-9A1E7A4F7556}") = "App05", "App05\App05.csproj", "{5FCDEB4E-3D1A-4E51-863A-821658F298CD}"
EndProject
Project("{FAE04EC0-301F-11D3-BF4B-00C04F79EFBC}") = "ITSchool.AppUtilities", "ITSchool.AppUtilities\ITSchool.AppUtilities.csproj", "{191E0863-2035-498A-AC8E-BC11065270C2}"
EndProject
Project("{FAE04EC0-301F-11D3-BF4B-00C04F79EFBC}") = "App15", "App15\App15.csproj", "{4976262C-C1F0-4099-9CA4-DBDCC42333F0}"
EndProject
Project("{FAE04EC0-301F-11D3-BF4B-00C04F79EFBC}") = "App16", "App16\App16.csproj", "{32C0F06F-63FB-47E5-8D70-A106ED89320B}"
EndProject
Project("{FAE04EC0-301F-11D3-BF4B-00C04F79EFBC}") = "App17", "App17\App17.csproj", "{480657F7-A07C-4664-874E-527F545D968D}"
EndProject
Global
	GlobalSection(SolutionConfigurationPlatforms) = preSolution
		Debug|Any CPU = Debug|Any CPU
		Release|Any CPU = Release|Any CPU
	EndGlobalSection
	GlobalSection(ProjectConfigurationPlatforms) = postSolution
		{F4AE2696-508E-4751-9F4B-36893AC075F6}.Debug|Any CPU.ActiveCfg = Debug|Any CPU
		{F4AE2696-508E-4751-9F4B-36893AC075F6}.Debug|Any CPU.Build.0 = Debug|Any CPU
		{F4AE2696-508E-4751-9F4B-36893AC075F6}.Release|Any CPU.ActiveCfg = Release|Any CPU
		{F4AE2696-508E-4751-9F4B-36893AC075F6}.Release|Any CPU.Build.0 = Release|Any CPU
		{D7BA025A-4945-4CBA-80E3-A3F57B511AA1}.Debug|Any CPU.ActiveCfg = Debug|Any CPU
		{D7BA025A-4945-4CBA-80E3-A3F57B511AA1}.Debug|Any CPU.Build.0 = Debug|Any CPU
		{D7BA025A-4945-4CBA-80E3-A3F57B511AA1}.Release|Any CPU.ActiveCfg = Release|Any CPU
		{D7BA025A-4945-4CBA-80E3-A3F57B511AA1}.Release|Any CPU.Build.0 = Release|Any CPU
		{2FD8CBBE-BE6A-4BEC-A8A9-AEB6A2FFEED6}.Debug|Any CPU.ActiveCfg = Debug|Any CPU
		{2FD8CBBE-BE6A-4BEC-A8A9-AEB6A2FFEED6}.Debug|Any CPU.Build.0 = Debug|Any CPU
		{2FD8CBBE-BE6A-4BEC-A8A9-AEB6A2FFEED6}.Release|Any CPU.ActiveCfg = Release|Any CPU
		{2FD8CBBE-BE6A-4BEC-A8A9-AEB6A2FFEED6}.Release|Any CPU.Build.0 = Release|Any CPU
		{BFCEC618-BF0B-4F56-9272-E328E9E6538C}.Debug|Any CPU.ActiveCfg = Debug|Any CPU
		{BFCEC618-BF0B-4F56-9272-E328E9E6538C}.Debug|Any CPU.Build.0 = Debug|Any CPU
		{BFCEC618-BF0B-4F56-9272-E328E9E6538C}.Release|Any CPU.ActiveCfg = Release|Any CPU
		{BFCEC618-BF0B-4F56-9272-E328E9E6538C}.Release|Any CPU.Build.0 = Release|Any CPU
		{2B32316D-482D-41FD-8816-54DF2DBA4582}.Debug|Any CPU.ActiveCfg = Debug|Any CPU
		{2B32316D-482D-41FD-8816-54DF2DBA4582}.Debug|Any CPU.Build.0 = Debug|Any CPU
		{2B32316D-482D-41FD-8816-54DF2DBA4582}.Release|Any CPU.ActiveCfg = Release|Any CPU
		{2B32316D-482D-41FD-8816-54DF2DBA4582}.Release|Any CPU.Build.0 = Release|Any CPU
		{82618235-2159-4989-B8FC-B80591A804CD}.Debug|Any CPU.ActiveCfg = Debug|Any CPU
		{82618235-2159-4989-B8FC-B80591A804CD}.Debug|Any CPU.Build.0 = Debug|Any CPU
		{82618235-2159-4989-B8FC-B80591A804CD}.Release|Any CPU.ActiveCfg = Release|Any CPU
		{82618235-2159-4989-B8FC-B80591A804CD}.Release|Any CPU.Build.0 = Release|Any CPU
		{387E3D2E-1100-45C6-9385-F6A2B47E61C6}.Debug|Any CPU.ActiveCfg = Debug|Any CPU
		{387E3D2E-1100-45C6-9385-F6A2B47E61C6}.Debug|Any CPU.Build.0 = Debug|Any CPU
		{387E3D2E-1100-45C6-9385-F6A2B47E61C6}.Release|Any CPU.ActiveCfg = Release|Any CPU
		{387E3D2E-1100-45C6-9385-F6A2B47E61C6}.Release|Any CPU.Build.0 = Release|Any CPU
		{80A4F9ED-D7BF-4E3D-BA3D-B660243C39AE}.Debug|Any CPU.ActiveCfg = Debug|Any CPU
		{80A4F9ED-D7BF-4E3D-BA3D-B660243C39AE}.Debug|Any CPU.Build.0 = Debug|Any CPU
		{80A4F9ED-D7BF-4E3D-BA3D-B660243C39AE}.Release|Any CPU.ActiveCfg = Release|Any CPU
		{80A4F9ED-D7BF-4E3D-BA3D-B660243C39AE}.Release|Any CPU.Build.0 = Release|Any CPU
		{BB7D20E6-C883-4814-809F-3A1BCD4550FC}.Debug|Any CPU.ActiveCfg = Debug|Any CPU
		{BB7D20E6-C883-4814-809F-3A1BCD4550FC}.Debug|Any CPU.Build.0 = Debug|Any CPU
		{BB7D20E6-C883-4814-809F-3A1BCD4550FC}.Release|Any CPU.ActiveCfg = Release|Any CPU
		{BB7D20E6-C883-4814-809F-3A1BCD4550FC}.Release|Any CPU.Build.0 = Release|Any CPU
		{D62B552A-2723-4249-95B4-4112E43F38C6}.Debug|Any CPU.ActiveCfg = Debug|Any CPU
		{D62B552A-2723-4249-95B4-4112E43F38C6}.Debug|Any CPU.Build.0 = Debug|Any CPU
		{D62B552A-2723-4249-95B4-4112E43F38C6}.Release|Any CPU.ActiveCfg = Release|Any CPU
		{D62B552A-2723-4249-95B4-4112E43F38C6}.Release|Any CPU.Build.0 = Release|Any CPU
		{3B6D8FB7-355D-4561-971F-35FC50F06812}.Debug|Any CPU.ActiveCfg = Debug|Any CPU
		{3B6D8FB7-355D-4561-971F-35FC50F06812}.Debug|Any CPU.Build.0 = Debug|Any CPU
		{3B6D8FB7-355D-4561-971F-35FC50F06812}.Release|Any CPU.ActiveCfg = Release|Any CPU
		{3B6D8FB7-355D-4561-971F-35FC50F06812}.Release|Any CPU.Build.0 = Release|Any CPU
		{D939DC02-6148-4316-AAEC-A00F031574CA}.Debug|Any CPU.ActiveCfg = Debug|Any CPU
		{D939DC02-6148-4316-AAEC-A00F031574CA}.Debug|Any CPU.Build.0 = Debug|Any CPU
		{D939DC02-6148-4316-AAEC-A00F031574CA}.Release|Any CPU.ActiveCfg = Release|Any CPU
		{D939DC02-6148-4316-AAEC-A00F031574CA}.Release|Any CPU.Build.0 = Release|Any CPU
		{B258E634-165A-4086-8036-7F303C8916C3}.Debug|Any CPU.ActiveCfg = Debug|Any CPU
		{B258E634-165A-4086-8036-7F303C8916C3}.Debug|Any CPU.Build.0 = Debug|Any CPU
		{B258E634-165A-4086-8036-7F303C8916C3}.Release|Any CPU.ActiveCfg = Release|Any CPU
		{B258E634-165A-4086-8036-7F303C8916C3}.Release|Any CPU.Build.0 = Release|Any CPU
		{82C5B405-1841-4034-AA2A-38F11B4A1607}.Debug|Any CPU.ActiveCfg = Debug|Any CPU
		{82C5B405-1841-4034-AA2A-38F11B4A1607}.Debug|Any CPU.Build.0 = Debug|Any CPU
		{82C5B405-1841-4034-AA2A-38F11B4A1607}.Release|Any CPU.ActiveCfg = Release|Any CPU
		{82C5B405-1841-4034-AA2A-38F11B4A1607}.Release|Any CPU.Build.0 = Release|Any CPU
		{5FCDEB4E-3D1A-4E51-863A-821658F298CD}.Debug|Any CPU.ActiveCfg = Debug|Any CPU
		{5FCDEB4E-3D1A-4E51-863A-821658F298CD}.Debug|Any CPU.Build.0 = Debug|Any CPU
		{5FCDEB4E-3D1A-4E51-863A-821658F298CD}.Release|Any CPU.ActiveCfg = Release|Any CPU
		{5FCDEB4E-3D1A-4E51-863A-821658F298CD}.Release|Any CPU.Build.0 = Release|Any CPU
		{191E0863-2035-498A-AC8E-BC11065270C2}.Debug|Any CPU.ActiveCfg = Debug|Any CPU
		{191E0863-2035-498A-AC8E-BC11065270C2}.Debug|Any CPU.Build.0 = Debug|Any CPU
		{191E0863-2035-498A-AC8E-BC11065270C2}.Release|Any CPU.ActiveCfg = Release|Any CPU
		{191E0863-2035-498A-AC8E-BC11065270C2}.Release|Any CPU.Build.0 = Release|Any CPU
		{4976262C-C1F0-4099-9CA4-DBDCC42333F0}.Debug|Any CPU.ActiveCfg = Debug|Any CPU
		{4976262C-C1F0-4099-9CA4-DBDCC42333F0}.Debug|Any CPU.Build.0 = Debug|Any CPU
		{4976262C-C1F0-4099-9CA4-DBDCC42333F0}.Release|Any CPU.ActiveCfg = Release|Any CPU
		{4976262C-C1F0-4099-9CA4-DBDCC42333F0}.Release|Any CPU.Build.0 = Release|Any CPU
		{32C0F06F-63FB-47E5-8D70-A106ED89320B}.Debug|Any CPU.ActiveCfg = Debug|Any CPU
		{32C0F06F-63FB-47E5-8D70-A106ED89320B}.Debug|Any CPU.Build.0 = Debug|Any CPU
		{32C0F06F-63FB-47E5-8D70-A106ED89320B}.Release|Any CPU.ActiveCfg = Release|Any CPU
		{32C0F06F-63FB-47E5-8D70-A106ED89320B}.Release|Any CPU.Build.0 = Release|Any CPU
		{480657F7-A07C-4664-874E-527F545D968D}.Debug|Any CPU.ActiveCfg = Debug|Any CPU
		{480657F7-A07C-4664-874E-527F545D968D}.Debug|Any CPU.Build.0 = Debug|Any CPU
		{480657F7-A07C-4664-874E-527F545D968D}.Release|Any CPU.ActiveCfg = Release|Any CPU
		{480657F7-A07C-4664-874E-527F545D968D}.Release|Any CPU.Build.0 = Release|Any CPU
	EndGlobalSection
	GlobalSection(SolutionProperties) = preSolution
		HideSolutionNode = FALSE
	EndGlobalSection
	GlobalSection(ExtensibilityGlobals) = postSolution
		SolutionGuid = {BA78B5F6-41D2-472D-B442-43FB5E26F4D4}
	EndGlobalSection
EndGlobal
